
Microsoft Visual Studio Solution File, Format Version 12.00
# Visual Studio Version 16
VisualStudioVersion = 16.0.30114.105
MinimumVisualStudioVersion = 10.0.40219.1
Project("{9A19103F-16F7-4668-BE54-9A1E7A4F7556}") = "OOP_lab_6_4_1", "OOP_lab_6_4_1\OOP_lab_6_4_1.csproj", "{BDABC50B-8BA5-4665-A075-C55BB58B737A}"
EndProject
Project("{2150E333-8FDC-42A3-9474-1A3956D46DE8}") = "Solution Items", "Solution Items", "{6E26CBDD-EB31-415D-8249-54469C9945CA}"
	ProjectSection(SolutionItems) = preProject
		.travis.yml = .travis.yml
	EndProjectSection
EndProject
Global
	GlobalSection(SolutionConfigurationPlatforms) = preSolution
		Debug|Any CPU = Debug|Any CPU
		Release|Any CPU = Release|Any CPU
	EndGlobalSection
	GlobalSection(ProjectConfigurationPlatforms) = postSolution
		{BDABC50B-8BA5-4665-A075-C55BB58B737A}.Debug|Any CPU.ActiveCfg = Debug|Any CPU
		{BDABC50B-8BA5-4665-A075-C55BB58B737A}.Debug|Any CPU.Build.0 = Debug|Any CPU
		{BDABC50B-8BA5-4665-A075-C55BB58B737A}.Release|Any CPU.ActiveCfg = Release|Any CPU
		{BDABC50B-8BA5-4665-A075-C55BB58B737A}.Release|Any CPU.Build.0 = Release|Any CPU
	EndGlobalSection
	GlobalSection(SolutionProperties) = preSolution
		HideSolutionNode = FALSE
	EndGlobalSection
	GlobalSection(ExtensibilityGlobals) = postSolution
		SolutionGuid = {F432FF02-F44E-430A-9392-676E1B95569F}
	EndGlobalSection
EndGlobal
